
Microsoft Visual Studio Solution File, Format Version 12.00
# Visual Studio Version 16
VisualStudioVersion = 16.0.30907.101
MinimumVisualStudioVersion = 10.0.40219.1
Project("{FAE04EC0-301F-11D3-BF4B-00C04F79EFBC}") = "Iban", "Iban.csproj", "{A15D2D6D-4F8B-4979-95A2-DF0FC065E51C}"
EndProject
Global
	GlobalSection(SolutionConfigurationPlatforms) = preSolution
		Debug|Any CPU = Debug|Any CPU
		Release|Any CPU = Release|Any CPU
	EndGlobalSection
	GlobalSection(ProjectConfigurationPlatforms) = postSolution
		{A15D2D6D-4F8B-4979-95A2-DF0FC065E51C}.Debug|Any CPU.ActiveCfg = Debug|Any CPU
		{A15D2D6D-4F8B-4979-95A2-DF0FC065E51C}.Debug|Any CPU.Build.0 = Debug|Any CPU
		{A15D2D6D-4F8B-4979-95A2-DF0FC065E51C}.Release|Any CPU.ActiveCfg = Release|Any CPU
		{A15D2D6D-4F8B-4979-95A2-DF0FC065E51C}.Release|Any CPU.Build.0 = Release|Any CPU
	EndGlobalSection
	GlobalSection(SolutionProperties) = preSolution
		HideSolutionNode = FALSE
	EndGlobalSection
	GlobalSection(ExtensibilityGlobals) = postSolution
		SolutionGuid = {6D511695-A81F-4DD6-88F3-680EED2B75E7}
	EndGlobalSection
EndGlobal
